
Microsoft Visual Studio Solution File, Format Version 12.00
# Visual Studio 15
VisualStudioVersion = 15.0.28307.421
MinimumVisualStudioVersion = 10.0.40219.1
Project("{FAE04EC0-301F-11D3-BF4B-00C04F79EFBC}") = "trpo2", "trpo2\trpo2.csproj", "{60CB27FE-7EE6-4BDB-BFF7-2D85B356479C}"
EndProject
Global
	GlobalSection(SolutionConfigurationPlatforms) = preSolution
		Debug|Any CPU = Debug|Any CPU
		Release|Any CPU = Release|Any CPU
	EndGlobalSection
	GlobalSection(ProjectConfigurationPlatforms) = postSolution
		{60CB27FE-7EE6-4BDB-BFF7-2D85B356479C}.Debug|Any CPU.ActiveCfg = Debug|Any CPU
		{60CB27FE-7EE6-4BDB-BFF7-2D85B356479C}.Debug|Any CPU.Build.0 = Debug|Any CPU
		{60CB27FE-7EE6-4BDB-BFF7-2D85B356479C}.Release|Any CPU.ActiveCfg = Release|Any CPU
		{60CB27FE-7EE6-4BDB-BFF7-2D85B356479C}.Release|Any CPU.Build.0 = Release|Any CPU
	EndGlobalSection
	GlobalSection(SolutionProperties) = preSolution
		HideSolutionNode = FALSE
	EndGlobalSection
	GlobalSection(ExtensibilityGlobals) = postSolution
		SolutionGuid = {D6F10D3E-23DD-4CFE-8248-50BD2D776D4D}
	EndGlobalSection
EndGlobal
